
Microsoft Visual Studio Solution File, Format Version 12.00
# Visual Studio Version 17
VisualStudioVersion = 17.14.36327.8 d17.14
MinimumVisualStudioVersion = 10.0.40219.1
Project("{FAE04EC0-301F-11D3-BF4B-00C04F79EFBC}") = "3435", "3435.csproj", "{2B92B7DC-1624-41FC-AAD0-8B7E888E220C}"
EndProject
Global
	GlobalSection(SolutionConfigurationPlatforms) = preSolution
		Debug|Any CPU = Debug|Any CPU
		Release|Any CPU = Release|Any CPU
	EndGlobalSection
	GlobalSection(ProjectConfigurationPlatforms) = postSolution
		{2B92B7DC-1624-41FC-AAD0-8B7E888E220C}.Debug|Any CPU.ActiveCfg = Debug|Any CPU
		{2B92B7DC-1624-41FC-AAD0-8B7E888E220C}.Debug|Any CPU.Build.0 = Debug|Any CPU
		{2B92B7DC-1624-41FC-AAD0-8B7E888E220C}.Release|Any CPU.ActiveCfg = Release|Any CPU
		{2B92B7DC-1624-41FC-AAD0-8B7E888E220C}.Release|Any CPU.Build.0 = Release|Any CPU
	EndGlobalSection
	GlobalSection(SolutionProperties) = preSolution
		HideSolutionNode = FALSE
	EndGlobalSection
	GlobalSection(ExtensibilityGlobals) = postSolution
		SolutionGuid = {84A284E6-E74B-4D39-912F-5FE298DE91E3}
	EndGlobalSection
EndGlobal
