
Microsoft Visual Studio Solution File, Format Version 12.00
# Visual Studio Version 17
VisualStudioVersion = 17.14.36327.8 d17.14
MinimumVisualStudioVersion = 10.0.40219.1
Project("{FAE04EC0-301F-11D3-BF4B-00C04F79EFBC}") = "MainZak1", "MainZak1.csproj", "{C902BB9F-9F8D-4DA3-B45A-5B50641FA62C}"
EndProject
Global
	GlobalSection(SolutionConfigurationPlatforms) = preSolution
		Debug|Any CPU = Debug|Any CPU
		Release|Any CPU = Release|Any CPU
	EndGlobalSection
	GlobalSection(ProjectConfigurationPlatforms) = postSolution
		{C902BB9F-9F8D-4DA3-B45A-5B50641FA62C}.Debug|Any CPU.ActiveCfg = Debug|Any CPU
		{C902BB9F-9F8D-4DA3-B45A-5B50641FA62C}.Debug|Any CPU.Build.0 = Debug|Any CPU
		{C902BB9F-9F8D-4DA3-B45A-5B50641FA62C}.Release|Any CPU.ActiveCfg = Release|Any CPU
		{C902BB9F-9F8D-4DA3-B45A-5B50641FA62C}.Release|Any CPU.Build.0 = Release|Any CPU
	EndGlobalSection
	GlobalSection(SolutionProperties) = preSolution
		HideSolutionNode = FALSE
	EndGlobalSection
	GlobalSection(ExtensibilityGlobals) = postSolution
		SolutionGuid = {75322604-BBBF-4F66-88C4-C7A917FD59F3}
	EndGlobalSection
EndGlobal
